// !$*UTF8*$!
{
	archiveVersion = 1;
	classes = {
	};
	objectVersion = 54;
	objects = {

/* Begin PBXBuildFile section */
		00E356F31AD99517003FC87E /* semargresTests.m in Sources */ = {isa = PBXBuildFile; fileRef = 00E356F21AD99517003FC87E /* semargresTests.m */; };
		0156DF5028A20C0D003E996E /* LaunchScreen.storyboard in Resources */ = {isa = PBXBuildFile; fileRef = 81AB9BB72411601600AC10FF /* LaunchScreen.storyboard */; };
		0156DF5128A20C10003E996E /* Images.xcassets in Resources */ = {isa = PBXBuildFile; fileRef = 13B07FB51A68108700A75B9A /* Images.xcassets */; };
		0156DF5228A20C17003E996E /* appstore.png in Resources */ = {isa = PBXBuildFile; fileRef = 27D8A0A0287FC54D00B6CED6 /* appstore.png */; };
		0156DF5328A20C1D003E996E /* GoogleService-Info.plist in Resources */ = {isa = PBXBuildFile; fileRef = 277C661A287E1D9B00141FAE /* GoogleService-Info.plist */; };
		0156DF5528A20C48003E996E /* libswiftWebKit.tbd in Frameworks */ = {isa = PBXBuildFile; fileRef = 0156DF5428A20C48003E996E /* libswiftWebKit.tbd */; };
		0156DFC628A20CE1003E996E /* Inter-Black.ttf in Resources */ = {isa = PBXBuildFile; fileRef = 1152E9C166CB42BAA3C35D1F /* Inter-Black.ttf */; };
		0156DFC728A20CE1003E996E /* Inter-Bold.ttf in Resources */ = {isa = PBXBuildFile; fileRef = 44F9FBB61D6B4351862F6C86 /* Inter-Bold.ttf */; };
		0156DFC828A20CE1003E996E /* Inter-BoldItalic.ttf in Resources */ = {isa = PBXBuildFile; fileRef = 1D7F9185D548420E93C11A61 /* Inter-BoldItalic.ttf */; };
		0156DFC928A20CE1003E996E /* Inter-ExtraBold.ttf in Resources */ = {isa = PBXBuildFile; fileRef = B667B8EF456E46E6B0618F14 /* Inter-ExtraBold.ttf */; };
		0156DFCA28A20CE1003E996E /* Inter-ExtraBoldItalic.ttf in Resources */ = {isa = PBXBuildFile; fileRef = 9A88BDD86F6E4F05A0C07756 /* Inter-ExtraBoldItalic.ttf */; };
		0156DFCB28A20CE1003E996E /* Inter-ExtraLight-BETA.ttf in Resources */ = {isa = PBXBuildFile; fileRef = D4A89223AB0A43E3BCDEE487 /* Inter-ExtraLight-BETA.ttf */; };
		0156DFCC28A20CE1003E996E /* Inter-ExtraLightItalic-BETA.ttf in Resources */ = {isa = PBXBuildFile; fileRef = 5D1DDAB4578B415C979CD69B /* Inter-ExtraLightItalic-BETA.ttf */; };
		0156DFCD28A20CE1003E996E /* Inter-Italic.ttf in Resources */ = {isa = PBXBuildFile; fileRef = 27CDCA77B07643D9BF85C278 /* Inter-Italic.ttf */; };
		0156DFCE28A20CE1003E996E /* Inter-Light-BETA.ttf in Resources */ = {isa = PBXBuildFile; fileRef = 6889EDE546964A11BD4690A1 /* Inter-Light-BETA.ttf */; };
		0156DFCF28A20CE1003E996E /* Inter-LightItalic-BETA.ttf in Resources */ = {isa = PBXBuildFile; fileRef = F1C84EDA4C9F4326BCF2FA0D /* Inter-LightItalic-BETA.ttf */; };
		0156DFD028A20CE1003E996E /* Inter-Medium.ttf in Resources */ = {isa = PBXBuildFile; fileRef = 515AD50894664F19B90FF6ED /* Inter-Medium.ttf */; };
		0156DFD128A20CE1003E996E /* Inter-MediumItalic.ttf in Resources */ = {isa = PBXBuildFile; fileRef = 8BB8367474194274B5A95300 /* Inter-MediumItalic.ttf */; };
		0156DFD228A20CE1003E996E /* Inter-Regular.ttf in Resources */ = {isa = PBXBuildFile; fileRef = B9D329BA7BF3426E923FC574 /* Inter-Regular.ttf */; };
		0156DFD328A20CE1003E996E /* Inter-SemiBold.ttf in Resources */ = {isa = PBXBuildFile; fileRef = BF722499DE4340AD8A8ADC2F /* Inter-SemiBold.ttf */; };
		0156DFD428A20CE1003E996E /* Inter-SemiBoldItalic.ttf in Resources */ = {isa = PBXBuildFile; fileRef = 2E7627A93D9245B59DA36323 /* Inter-SemiBoldItalic.ttf */; };
		0156DFD528A20CE1003E996E /* Inter-Thin-BETA.ttf in Resources */ = {isa = PBXBuildFile; fileRef = 088C76D2F5C0404FAC401A1B /* Inter-Thin-BETA.ttf */; };
		0156DFD628A20CE1003E996E /* Inter-ThinItalic-BETA.ttf in Resources */ = {isa = PBXBuildFile; fileRef = 44BC5392A1E34E33AE4684EC /* Inter-ThinItalic-BETA.ttf */; };
		0156DFD728A20CE1003E996E /* Inter-UI-BlackItalic.ttf in Resources */ = {isa = PBXBuildFile; fileRef = 32A049EF380C4EDEAA1D8172 /* Inter-UI-BlackItalic.ttf */; };
		0156DFD828A20CE1003E996E /* NeutrifPro-Bold.ttf in Resources */ = {isa = PBXBuildFile; fileRef = C895C54FD35642088CDA809E /* NeutrifPro-Bold.ttf */; };
		0156DFD928A20CE1003E996E /* NeutrifPro-BoldItalic.ttf in Resources */ = {isa = PBXBuildFile; fileRef = 5F20FC3F27AB480BBD13F5AC /* NeutrifPro-BoldItalic.ttf */; };
		0156DFDA28A20CE1003E996E /* NeutrifPro-Light.ttf in Resources */ = {isa = PBXBuildFile; fileRef = 999998C934F7471D824762B2 /* NeutrifPro-Light.ttf */; };
		0156DFDB28A20CE1003E996E /* NeutrifPro-LightItalic.ttf in Resources */ = {isa = PBXBuildFile; fileRef = 052A6CE7ACFA4C358D80B897 /* NeutrifPro-LightItalic.ttf */; };
		0156DFDC28A20CE1003E996E /* NeutrifPro-Medium.ttf in Resources */ = {isa = PBXBuildFile; fileRef = 133BA2207DF947A9A4830A11 /* NeutrifPro-Medium.ttf */; };
		0156DFDD28A20CE1003E996E /* NeutrifPro-MediumItalic.ttf in Resources */ = {isa = PBXBuildFile; fileRef = E85554D56BDA488688B2CCA4 /* NeutrifPro-MediumItalic.ttf */; };
		0156DFDE28A20CE1003E996E /* NeutrifPro-Regular.ttf in Resources */ = {isa = PBXBuildFile; fileRef = 97A0DE8240B241F28612341F /* NeutrifPro-Regular.ttf */; };
		0156DFDF28A20CE1003E996E /* NeutrifPro-RegularItalic.ttf in Resources */ = {isa = PBXBuildFile; fileRef = 462FD144B7CF4213A0F2CAAE /* NeutrifPro-RegularItalic.ttf */; };
		0156DFE028A20CE1003E996E /* NeutrifPro-SemiBold.ttf in Resources */ = {isa = PBXBuildFile; fileRef = AA8FBBBF41E04531B12E92E0 /* NeutrifPro-SemiBold.ttf */; };
		0156DFE128A20CE1003E996E /* NeutrifPro-SemiBoldItalic.ttf in Resources */ = {isa = PBXBuildFile; fileRef = C0FCFA80DCC54A49863E3A01 /* NeutrifPro-SemiBoldItalic.ttf */; };
		0D4BF94FEEBD4621AEDA7464 /* Inter-Black.ttf in Resources */ = {isa = PBXBuildFile; fileRef = 1152E9C166CB42BAA3C35D1F /* Inter-Black.ttf */; };
		13B07FBC1A68108700A75B9A /* AppDelegate.mm in Sources */ = {isa = PBXBuildFile; fileRef = 13B07FB01A68108700A75B9A /* AppDelegate.mm */; };
		13B07FC11A68108700A75B9A /* main.m in Sources */ = {isa = PBXBuildFile; fileRef = 13B07FB71A68108700A75B9A /* main.m */; };
		1D4B7C52F457445CBC84B01A /* Inter-UI-BlackItalic.ttf in Resources */ = {isa = PBXBuildFile; fileRef = 32A049EF380C4EDEAA1D8172 /* Inter-UI-BlackItalic.ttf */; };
		253C8510E0FB412B9EDDAD26 /* NeutrifPro-BoldItalic.ttf in Resources */ = {isa = PBXBuildFile; fileRef = 5F20FC3F27AB480BBD13F5AC /* NeutrifPro-BoldItalic.ttf */; };
		31223F11BD194EA7A5443249 /* Inter-ThinItalic-BETA.ttf in Resources */ = {isa = PBXBuildFile; fileRef = 44BC5392A1E34E33AE4684EC /* Inter-ThinItalic-BETA.ttf */; };
		3FEBECF83AFA46479AD683E7 /* NeutrifPro-MediumItalic.ttf in Resources */ = {isa = PBXBuildFile; fileRef = E85554D56BDA488688B2CCA4 /* NeutrifPro-MediumItalic.ttf */; };
		46A39572A6AB4221913458E5 /* NeutrifPro-RegularItalic.ttf in Resources */ = {isa = PBXBuildFile; fileRef = 462FD144B7CF4213A0F2CAAE /* NeutrifPro-RegularItalic.ttf */; };
		47F519DD43E843619711C607 /* Inter-LightItalic-BETA.ttf in Resources */ = {isa = PBXBuildFile; fileRef = F1C84EDA4C9F4326BCF2FA0D /* Inter-LightItalic-BETA.ttf */; };
		4FB334CCF1934D189D66C0BB /* NeutrifPro-SemiBoldItalic.ttf in Resources */ = {isa = PBXBuildFile; fileRef = C0FCFA80DCC54A49863E3A01 /* NeutrifPro-SemiBoldItalic.ttf */; };
		5082B82860FC4CE4827B9443 /* Inter-Medium.ttf in Resources */ = {isa = PBXBuildFile; fileRef = 515AD50894664F19B90FF6ED /* Inter-Medium.ttf */; };
		542A9063F89F4D22A365A141 /* Inter-Italic.ttf in Resources */ = {isa = PBXBuildFile; fileRef = 27CDCA77B07643D9BF85C278 /* Inter-Italic.ttf */; };
		6C701C4776F74E858AFA16D8 /* Inter-ExtraBoldItalic.ttf in Resources */ = {isa = PBXBuildFile; fileRef = 9A88BDD86F6E4F05A0C07756 /* Inter-ExtraBoldItalic.ttf */; };
		6E648D0EA46A4D0FB6768EB9 /* Inter-Light-BETA.ttf in Resources */ = {isa = PBXBuildFile; fileRef = 6889EDE546964A11BD4690A1 /* Inter-Light-BETA.ttf */; };
		72999E799D6F4E3F95208A8E /* Inter-BoldItalic.ttf in Resources */ = {isa = PBXBuildFile; fileRef = 1D7F9185D548420E93C11A61 /* Inter-BoldItalic.ttf */; };
		85EF476170C54AF88A1111B4 /* Inter-Bold.ttf in Resources */ = {isa = PBXBuildFile; fileRef = 44F9FBB61D6B4351862F6C86 /* Inter-Bold.ttf */; };
		8AD3306C7D8E43F187605E14 /* NeutrifPro-Regular.ttf in Resources */ = {isa = PBXBuildFile; fileRef = 97A0DE8240B241F28612341F /* NeutrifPro-Regular.ttf */; };
		8DB6DB4DEB7244CDA3AE86AD /* Inter-SemiBoldItalic.ttf in Resources */ = {isa = PBXBuildFile; fileRef = 2E7627A93D9245B59DA36323 /* Inter-SemiBoldItalic.ttf */; };
		98596D435D20472296714B10 /* NeutrifPro-Light.ttf in Resources */ = {isa = PBXBuildFile; fileRef = 999998C934F7471D824762B2 /* NeutrifPro-Light.ttf */; };
		A732CBB01D0C481A80198D45 /* Inter-ExtraLight-BETA.ttf in Resources */ = {isa = PBXBuildFile; fileRef = D4A89223AB0A43E3BCDEE487 /* Inter-ExtraLight-BETA.ttf */; };
		A773E9C2D818499EA2FC4C92 /* NeutrifPro-LightItalic.ttf in Resources */ = {isa = PBXBuildFile; fileRef = 052A6CE7ACFA4C358D80B897 /* NeutrifPro-LightItalic.ttf */; };
		AE839800D6C3114A57EEBF72 /* libPods-semargres.a in Frameworks */ = {isa = PBXBuildFile; fileRef = D7C2FD70067E5BCF0994D7A3 /* libPods-semargres.a */; };
		B2160A027B01F4578FAB3769 /* libPods-semargres-semargresTests.a in Frameworks */ = {isa = PBXBuildFile; fileRef = 28237EE565F1DDF7DDB2DBDE /* libPods-semargres-semargresTests.a */; };
		BD47007727B044548584AA88 /* Inter-Regular.ttf in Resources */ = {isa = PBXBuildFile; fileRef = B9D329BA7BF3426E923FC574 /* Inter-Regular.ttf */; };
		C1B9978EA4B94632AADE6985 /* NeutrifPro-Medium.ttf in Resources */ = {isa = PBXBuildFile; fileRef = 133BA2207DF947A9A4830A11 /* NeutrifPro-Medium.ttf */; };
		DAD0FBCA855A464A809D97AD /* Inter-ExtraLightItalic-BETA.ttf in Resources */ = {isa = PBXBuildFile; fileRef = 5D1DDAB4578B415C979CD69B /* Inter-ExtraLightItalic-BETA.ttf */; };
		EA0397E06AE1419D990B46A3 /* NeutrifPro-SemiBold.ttf in Resources */ = {isa = PBXBuildFile; fileRef = AA8FBBBF41E04531B12E92E0 /* NeutrifPro-SemiBold.ttf */; };
		EC916442AA4347169D8D5A41 /* Inter-SemiBold.ttf in Resources */ = {isa = PBXBuildFile; fileRef = BF722499DE4340AD8A8ADC2F /* Inter-SemiBold.ttf */; };
		EF39A2E8D39C4DA6B720A59C /* NeutrifPro-Bold.ttf in Resources */ = {isa = PBXBuildFile; fileRef = C895C54FD35642088CDA809E /* NeutrifPro-Bold.ttf */; };
		F9C19851E35549AEB2AA9126 /* Inter-Thin-BETA.ttf in Resources */ = {isa = PBXBuildFile; fileRef = 088C76D2F5C0404FAC401A1B /* Inter-Thin-BETA.ttf */; };
		FD97B4729FCF41E49F12181E /* Inter-MediumItalic.ttf in Resources */ = {isa = PBXBuildFile; fileRef = 8BB8367474194274B5A95300 /* Inter-MediumItalic.ttf */; };
		FFAB90B61447413E8C8DDE46 /* Inter-ExtraBold.ttf in Resources */ = {isa = PBXBuildFile; fileRef = B667B8EF456E46E6B0618F14 /* Inter-ExtraBold.ttf */; };
/* End PBXBuildFile section */

/* Begin PBXContainerItemProxy section */
		00E356F41AD99517003FC87E /* PBXContainerItemProxy */ = {
			isa = PBXContainerItemProxy;
			containerPortal = 83CBB9F71A601CBA00E9B192 /* Project object */;
			proxyType = 1;
			remoteGlobalIDString = 13B07F861A680F5B00A75B9A;
			remoteInfo = semargres;
		};
/* End PBXContainerItemProxy section */

/* Begin PBXFileReference section */
		00E356EE1AD99517003FC87E /* semargresTests.xctest */ = {isa = PBXFileReference; explicitFileType = wrapper.cfbundle; includeInIndex = 0; path = semargresTests.xctest; sourceTree = BUILT_PRODUCTS_DIR; };
		00E356F11AD99517003FC87E /* Info.plist */ = {isa = PBXFileReference; lastKnownFileType = text.plist.xml; path = Info.plist; sourceTree = "<group>"; };
		00E356F21AD99517003FC87E /* semargresTests.m */ = {isa = PBXFileReference; lastKnownFileType = sourcecode.c.objc; path = semargresTests.m; sourceTree = "<group>"; };
		0156DF5428A20C48003E996E /* libswiftWebKit.tbd */ = {isa = PBXFileReference; lastKnownFileType = "sourcecode.text-based-dylib-definition"; name = libswiftWebKit.tbd; path = usr/lib/swift/libswiftWebKit.tbd; sourceTree = SDKROOT; };
		0317A9932FC44AA59C910C21 /* FontAwesome.ttf */ = {isa = PBXFileReference; explicitFileType = undefined; fileEncoding = 9; includeInIndex = 0; lastKnownFileType = unknown; name = FontAwesome.ttf; path = "../node_modules/react-native-vector-icons/Fonts/FontAwesome.ttf"; sourceTree = "<group>"; };
		052A6CE7ACFA4C358D80B897 /* NeutrifPro-LightItalic.ttf */ = {isa = PBXFileReference; explicitFileType = undefined; fileEncoding = 9; includeInIndex = 0; lastKnownFileType = unknown; name = "NeutrifPro-LightItalic.ttf"; path = "../assets/fonts/NeutrifPro-LightItalic.ttf"; sourceTree = "<group>"; };
		088C76D2F5C0404FAC401A1B /* Inter-Thin-BETA.ttf */ = {isa = PBXFileReference; explicitFileType = undefined; fileEncoding = 9; includeInIndex = 0; lastKnownFileType = unknown; name = "Inter-Thin-BETA.ttf"; path = "../assets/fonts/Inter-Thin-BETA.ttf"; sourceTree = "<group>"; };
		1152E9C166CB42BAA3C35D1F /* Inter-Black.ttf */ = {isa = PBXFileReference; explicitFileType = undefined; fileEncoding = 9; includeInIndex = 0; lastKnownFileType = unknown; name = "Inter-Black.ttf"; path = "../assets/fonts/Inter-Black.ttf"; sourceTree = "<group>"; };
		133BA2207DF947A9A4830A11 /* NeutrifPro-Medium.ttf */ = {isa = PBXFileReference; explicitFileType = undefined; fileEncoding = 9; includeInIndex = 0; lastKnownFileType = unknown; name = "NeutrifPro-Medium.ttf"; path = "../assets/fonts/NeutrifPro-Medium.ttf"; sourceTree = "<group>"; };
		13B07F961A680F5B00A75B9A /* semargres.app */ = {isa = PBXFileReference; explicitFileType = wrapper.application; includeInIndex = 0; path = semargres.app; sourceTree = BUILT_PRODUCTS_DIR; };
		13B07FAF1A68108700A75B9A /* AppDelegate.h */ = {isa = PBXFileReference; fileEncoding = 4; lastKnownFileType = sourcecode.c.h; name = AppDelegate.h; path = semargres/AppDelegate.h; sourceTree = "<group>"; };
		13B07FB01A68108700A75B9A /* AppDelegate.mm */ = {isa = PBXFileReference; fileEncoding = 4; lastKnownFileType = sourcecode.cpp.objcpp; name = AppDelegate.mm; path = semargres/AppDelegate.mm; sourceTree = "<group>"; };
		13B07FB51A68108700A75B9A /* Images.xcassets */ = {isa = PBXFileReference; lastKnownFileType = folder.assetcatalog; name = Images.xcassets; path = semargres/Images.xcassets; sourceTree = "<group>"; };
		13B07FB61A68108700A75B9A /* Info.plist */ = {isa = PBXFileReference; fileEncoding = 4; lastKnownFileType = text.plist.xml; name = Info.plist; path = semargres/Info.plist; sourceTree = "<group>"; };
		13B07FB71A68108700A75B9A /* main.m */ = {isa = PBXFileReference; fileEncoding = 4; lastKnownFileType = sourcecode.c.objc; name = main.m; path = semargres/main.m; sourceTree = "<group>"; };
		1A4DDD4F0CEB4A968ECA5CE5 /* MaterialCommunityIcons.ttf */ = {isa = PBXFileReference; explicitFileType = undefined; fileEncoding = 9; includeInIndex = 0; lastKnownFileType = unknown; name = MaterialCommunityIcons.ttf; path = "../node_modules/react-native-vector-icons/Fonts/MaterialCommunityIcons.ttf"; sourceTree = "<group>"; };
		1A5B0ABD3C9F4EC591F808BC /* FontAwesome5_Solid.ttf */ = {isa = PBXFileReference; explicitFileType = undefined; fileEncoding = 9; includeInIndex = 0; lastKnownFileType = unknown; name = FontAwesome5_Solid.ttf; path = "../node_modules/react-native-vector-icons/Fonts/FontAwesome5_Solid.ttf"; sourceTree = "<group>"; };
		1D7F9185D548420E93C11A61 /* Inter-BoldItalic.ttf */ = {isa = PBXFileReference; explicitFileType = undefined; fileEncoding = 9; includeInIndex = 0; lastKnownFileType = unknown; name = "Inter-BoldItalic.ttf"; path = "../assets/fonts/Inter-BoldItalic.ttf"; sourceTree = "<group>"; };
		271A4FDC287F2F23008A4960 /* Assets.xcassets */ = {isa = PBXFileReference; lastKnownFileType = folder.assetcatalog; name = Assets.xcassets; path = semargres/Assets.xcassets; sourceTree = "<group>"; };
		277C661A287E1D9B00141FAE /* GoogleService-Info.plist */ = {isa = PBXFileReference; fileEncoding = 4; lastKnownFileType = text.plist.xml; name = "GoogleService-Info.plist"; path = "semargres/GoogleService-Info.plist"; sourceTree = "<group>"; };
		27CDCA77B07643D9BF85C278 /* Inter-Italic.ttf */ = {isa = PBXFileReference; explicitFileType = undefined; fileEncoding = 9; includeInIndex = 0; lastKnownFileType = unknown; name = "Inter-Italic.ttf"; path = "../assets/fonts/Inter-Italic.ttf"; sourceTree = "<group>"; };
		27D8A09F287FBFFD00B6CED6 /* semargres.entitlements */ = {isa = PBXFileReference; lastKnownFileType = text.plist.entitlements; name = semargres.entitlements; path = semargres/semargres.entitlements; sourceTree = "<group>"; };
		27D8A0A0287FC54D00B6CED6 /* appstore.png */ = {isa = PBXFileReference; lastKnownFileType = image.png; path = appstore.png; sourceTree = "<group>"; };
		28237EE565F1DDF7DDB2DBDE /* libPods-semargres-semargresTests.a */ = {isa = PBXFileReference; explicitFileType = archive.ar; includeInIndex = 0; path = "libPods-semargres-semargresTests.a"; sourceTree = BUILT_PRODUCTS_DIR; };
		2E7627A93D9245B59DA36323 /* Inter-SemiBoldItalic.ttf */ = {isa = PBXFileReference; explicitFileType = undefined; fileEncoding = 9; includeInIndex = 0; lastKnownFileType = unknown; name = "Inter-SemiBoldItalic.ttf"; path = "../assets/fonts/Inter-SemiBoldItalic.ttf"; sourceTree = "<group>"; };
		32A049EF380C4EDEAA1D8172 /* Inter-UI-BlackItalic.ttf */ = {isa = PBXFileReference; explicitFileType = undefined; fileEncoding = 9; includeInIndex = 0; lastKnownFileType = unknown; name = "Inter-UI-BlackItalic.ttf"; path = "../assets/fonts/Inter-UI-BlackItalic.ttf"; sourceTree = "<group>"; };
		44BC5392A1E34E33AE4684EC /* Inter-ThinItalic-BETA.ttf */ = {isa = PBXFileReference; explicitFileType = undefined; fileEncoding = 9; includeInIndex = 0; lastKnownFileType = unknown; name = "Inter-ThinItalic-BETA.ttf"; path = "../assets/fonts/Inter-ThinItalic-BETA.ttf"; sourceTree = "<group>"; };
		44F9FBB61D6B4351862F6C86 /* Inter-Bold.ttf */ = {isa = PBXFileReference; explicitFileType = undefined; fileEncoding = 9; includeInIndex = 0; lastKnownFileType = unknown; name = "Inter-Bold.ttf"; path = "../assets/fonts/Inter-Bold.ttf"; sourceTree = "<group>"; };
		462FD144B7CF4213A0F2CAAE /* NeutrifPro-RegularItalic.ttf */ = {isa = PBXFileReference; explicitFileType = undefined; fileEncoding = 9; includeInIndex = 0; lastKnownFileType = unknown; name = "NeutrifPro-RegularItalic.ttf"; path = "../assets/fonts/NeutrifPro-RegularItalic.ttf"; sourceTree = "<group>"; };
		515AD50894664F19B90FF6ED /* Inter-Medium.ttf */ = {isa = PBXFileReference; explicitFileType = undefined; fileEncoding = 9; includeInIndex = 0; lastKnownFileType = unknown; name = "Inter-Medium.ttf"; path = "../assets/fonts/Inter-Medium.ttf"; sourceTree = "<group>"; };
		52B5D6DE0A9048378B8C22F0 /* Feather.ttf */ = {isa = PBXFileReference; explicitFileType = undefined; fileEncoding = 9; includeInIndex = 0; lastKnownFileType = unknown; name = Feather.ttf; path = "../node_modules/react-native-vector-icons/Fonts/Feather.ttf"; sourceTree = "<group>"; };
		572D1AC1AFEF4AD7ABA97B9B /* SimpleLineIcons.ttf */ = {isa = PBXFileReference; explicitFileType = undefined; fileEncoding = 9; includeInIndex = 0; lastKnownFileType = unknown; name = SimpleLineIcons.ttf; path = "../node_modules/react-native-vector-icons/Fonts/SimpleLineIcons.ttf"; sourceTree = "<group>"; };
		5D1DDAB4578B415C979CD69B /* Inter-ExtraLightItalic-BETA.ttf */ = {isa = PBXFileReference; explicitFileType = undefined; fileEncoding = 9; includeInIndex = 0; lastKnownFileType = unknown; name = "Inter-ExtraLightItalic-BETA.ttf"; path = "../assets/fonts/Inter-ExtraLightItalic-BETA.ttf"; sourceTree = "<group>"; };
		5E6225CBC0494C1CB3B92E40 /* MaterialIcons.ttf */ = {isa = PBXFileReference; explicitFileType = undefined; fileEncoding = 9; includeInIndex = 0; lastKnownFileType = unknown; name = MaterialIcons.ttf; path = "../node_modules/react-native-vector-icons/Fonts/MaterialIcons.ttf"; sourceTree = "<group>"; };
		5F20FC3F27AB480BBD13F5AC /* NeutrifPro-BoldItalic.ttf */ = {isa = PBXFileReference; explicitFileType = undefined; fileEncoding = 9; includeInIndex = 0; lastKnownFileType = unknown; name = "NeutrifPro-BoldItalic.ttf"; path = "../assets/fonts/NeutrifPro-BoldItalic.ttf"; sourceTree = "<group>"; };
		64C93E48435545A59A39D72D /* Octicons.ttf */ = {isa = PBXFileReference; explicitFileType = undefined; fileEncoding = 9; includeInIndex = 0; lastKnownFileType = unknown; name = Octicons.ttf; path = "../node_modules/react-native-vector-icons/Fonts/Octicons.ttf"; sourceTree = "<group>"; };
		6889EDE546964A11BD4690A1 /* Inter-Light-BETA.ttf */ = {isa = PBXFileReference; explicitFileType = undefined; fileEncoding = 9; includeInIndex = 0; lastKnownFileType = unknown; name = "Inter-Light-BETA.ttf"; path = "../assets/fonts/Inter-Light-BETA.ttf"; sourceTree = "<group>"; };
		81AB9BB72411601600AC10FF /* LaunchScreen.storyboard */ = {isa = PBXFileReference; fileEncoding = 4; lastKnownFileType = file.storyboard; name = LaunchScreen.storyboard; path = semargres/LaunchScreen.storyboard; sourceTree = "<group>"; };
		863FF1A83121D2E66CB3988F /* Pods-semargres.debug.xcconfig */ = {isa = PBXFileReference; includeInIndex = 1; lastKnownFileType = text.xcconfig; name = "Pods-semargres.debug.xcconfig"; path = "Target Support Files/Pods-semargres/Pods-semargres.debug.xcconfig"; sourceTree = "<group>"; };
		8BB8367474194274B5A95300 /* Inter-MediumItalic.ttf */ = {isa = PBXFileReference; explicitFileType = undefined; fileEncoding = 9; includeInIndex = 0; lastKnownFileType = unknown; name = "Inter-MediumItalic.ttf"; path = "../assets/fonts/Inter-MediumItalic.ttf"; sourceTree = "<group>"; };
		92D0060E00AB48078B410D9C /* Fontisto.ttf */ = {isa = PBXFileReference; explicitFileType = undefined; fileEncoding = 9; includeInIndex = 0; lastKnownFileType = unknown; name = Fontisto.ttf; path = "../node_modules/react-native-vector-icons/Fonts/Fontisto.ttf"; sourceTree = "<group>"; };
		97A0DE8240B241F28612341F /* NeutrifPro-Regular.ttf */ = {isa = PBXFileReference; explicitFileType = undefined; fileEncoding = 9; includeInIndex = 0; lastKnownFileType = unknown; name = "NeutrifPro-Regular.ttf"; path = "../assets/fonts/NeutrifPro-Regular.ttf"; sourceTree = "<group>"; };
		999998C934F7471D824762B2 /* NeutrifPro-Light.ttf */ = {isa = PBXFileReference; explicitFileType = undefined; fileEncoding = 9; includeInIndex = 0; lastKnownFileType = unknown; name = "NeutrifPro-Light.ttf"; path = "../assets/fonts/NeutrifPro-Light.ttf"; sourceTree = "<group>"; };
		9A88BDD86F6E4F05A0C07756 /* Inter-ExtraBoldItalic.ttf */ = {isa = PBXFileReference; explicitFileType = undefined; fileEncoding = 9; includeInIndex = 0; lastKnownFileType = unknown; name = "Inter-ExtraBoldItalic.ttf"; path = "../assets/fonts/Inter-ExtraBoldItalic.ttf"; sourceTree = "<group>"; };
		A55387F7D2084955A3E45879 /* Entypo.ttf */ = {isa = PBXFileReference; explicitFileType = undefined; fileEncoding = 9; includeInIndex = 0; lastKnownFileType = unknown; name = Entypo.ttf; path = "../node_modules/react-native-vector-icons/Fonts/Entypo.ttf"; sourceTree = "<group>"; };
		AA8FBBBF41E04531B12E92E0 /* NeutrifPro-SemiBold.ttf */ = {isa = PBXFileReference; explicitFileType = undefined; fileEncoding = 9; includeInIndex = 0; lastKnownFileType = unknown; name = "NeutrifPro-SemiBold.ttf"; path = "../assets/fonts/NeutrifPro-SemiBold.ttf"; sourceTree = "<group>"; };
		B667B8EF456E46E6B0618F14 /* Inter-ExtraBold.ttf */ = {isa = PBXFileReference; explicitFileType = undefined; fileEncoding = 9; includeInIndex = 0; lastKnownFileType = unknown; name = "Inter-ExtraBold.ttf"; path = "../assets/fonts/Inter-ExtraBold.ttf"; sourceTree = "<group>"; };
		B6684955E61444B197B11083 /* AntDesign.ttf */ = {isa = PBXFileReference; explicitFileType = undefined; fileEncoding = 9; includeInIndex = 0; lastKnownFileType = unknown; name = AntDesign.ttf; path = "../node_modules/react-native-vector-icons/Fonts/AntDesign.ttf"; sourceTree = "<group>"; };
		B9D329BA7BF3426E923FC574 /* Inter-Regular.ttf */ = {isa = PBXFileReference; explicitFileType = undefined; fileEncoding = 9; includeInIndex = 0; lastKnownFileType = unknown; name = "Inter-Regular.ttf"; path = "../assets/fonts/Inter-Regular.ttf"; sourceTree = "<group>"; };
		BF722499DE4340AD8A8ADC2F /* Inter-SemiBold.ttf */ = {isa = PBXFileReference; explicitFileType = undefined; fileEncoding = 9; includeInIndex = 0; lastKnownFileType = unknown; name = "Inter-SemiBold.ttf"; path = "../assets/fonts/Inter-SemiBold.ttf"; sourceTree = "<group>"; };
		C0FCFA80DCC54A49863E3A01 /* NeutrifPro-SemiBoldItalic.ttf */ = {isa = PBXFileReference; explicitFileType = undefined; fileEncoding = 9; includeInIndex = 0; lastKnownFileType = unknown; name = "NeutrifPro-SemiBoldItalic.ttf"; path = "../assets/fonts/NeutrifPro-SemiBoldItalic.ttf"; sourceTree = "<group>"; };
		C895C54FD35642088CDA809E /* NeutrifPro-Bold.ttf */ = {isa = PBXFileReference; explicitFileType = undefined; fileEncoding = 9; includeInIndex = 0; lastKnownFileType = unknown; name = "NeutrifPro-Bold.ttf"; path = "../assets/fonts/NeutrifPro-Bold.ttf"; sourceTree = "<group>"; };
		CE14E63D195743BFA73797DF /* Zocial.ttf */ = {isa = PBXFileReference; explicitFileType = undefined; fileEncoding = 9; includeInIndex = 0; lastKnownFileType = unknown; name = Zocial.ttf; path = "../node_modules/react-native-vector-icons/Fonts/Zocial.ttf"; sourceTree = "<group>"; };
		D4A89223AB0A43E3BCDEE487 /* Inter-ExtraLight-BETA.ttf */ = {isa = PBXFileReference; explicitFileType = undefined; fileEncoding = 9; includeInIndex = 0; lastKnownFileType = unknown; name = "Inter-ExtraLight-BETA.ttf"; path = "../assets/fonts/Inter-ExtraLight-BETA.ttf"; sourceTree = "<group>"; };
		D7C2FD70067E5BCF0994D7A3 /* libPods-semargres.a */ = {isa = PBXFileReference; explicitFileType = archive.ar; includeInIndex = 0; path = "libPods-semargres.a"; sourceTree = BUILT_PRODUCTS_DIR; };
		DD41CCE4608347E787EE51E6 /* Ionicons.ttf */ = {isa = PBXFileReference; explicitFileType = undefined; fileEncoding = 9; includeInIndex = 0; lastKnownFileType = unknown; name = Ionicons.ttf; path = "../node_modules/react-native-vector-icons/Fonts/Ionicons.ttf"; sourceTree = "<group>"; };
		E0FAB1DD5EFA6CDE57B35FDC /* Pods-semargres.release.xcconfig */ = {isa = PBXFileReference; includeInIndex = 1; lastKnownFileType = text.xcconfig; name = "Pods-semargres.release.xcconfig"; path = "Target Support Files/Pods-semargres/Pods-semargres.release.xcconfig"; sourceTree = "<group>"; };
		E4F5B0449D5843B480FE9D6B /* FontAwesome5_Brands.ttf */ = {isa = PBXFileReference; explicitFileType = undefined; fileEncoding = 9; includeInIndex = 0; lastKnownFileType = unknown; name = FontAwesome5_Brands.ttf; path = "../node_modules/react-native-vector-icons/Fonts/FontAwesome5_Brands.ttf"; sourceTree = "<group>"; };
		E695CFC707AF46AE8AEFCA6E /* EvilIcons.ttf */ = {isa = PBXFileReference; explicitFileType = undefined; fileEncoding = 9; includeInIndex = 0; lastKnownFileType = unknown; name = EvilIcons.ttf; path = "../node_modules/react-native-vector-icons/Fonts/EvilIcons.ttf"; sourceTree = "<group>"; };
		E85554D56BDA488688B2CCA4 /* NeutrifPro-MediumItalic.ttf */ = {isa = PBXFileReference; explicitFileType = undefined; fileEncoding = 9; includeInIndex = 0; lastKnownFileType = unknown; name = "NeutrifPro-MediumItalic.ttf"; path = "../assets/fonts/NeutrifPro-MediumItalic.ttf"; sourceTree = "<group>"; };
		EC24F964FD787BD26BAB9B96 /* Pods-semargres-semargresTests.debug.xcconfig */ = {isa = PBXFileReference; includeInIndex = 1; lastKnownFileType = text.xcconfig; name = "Pods-semargres-semargresTests.debug.xcconfig"; path = "Target Support Files/Pods-semargres-semargresTests/Pods-semargres-semargresTests.debug.xcconfig"; sourceTree = "<group>"; };
		ED297162215061F000B7C4FE /* JavaScriptCore.framework */ = {isa = PBXFileReference; lastKnownFileType = wrapper.framework; name = JavaScriptCore.framework; path = System/Library/Frameworks/JavaScriptCore.framework; sourceTree = SDKROOT; };
		F1C84EDA4C9F4326BCF2FA0D /* Inter-LightItalic-BETA.ttf */ = {isa = PBXFileReference; explicitFileType = undefined; fileEncoding = 9; includeInIndex = 0; lastKnownFileType = unknown; name = "Inter-LightItalic-BETA.ttf"; path = "../assets/fonts/Inter-LightItalic-BETA.ttf"; sourceTree = "<group>"; };
		F2B2D75938CA128466B8B415 /* Pods-semargres-semargresTests.release.xcconfig */ = {isa = PBXFileReference; includeInIndex = 1; lastKnownFileType = text.xcconfig; name = "Pods-semargres-semargresTests.release.xcconfig"; path = "Target Support Files/Pods-semargres-semargresTests/Pods-semargres-semargresTests.release.xcconfig"; sourceTree = "<group>"; };
		FAE5A63D73EE4241BA1E1A38 /* Foundation.ttf */ = {isa = PBXFileReference; explicitFileType = undefined; fileEncoding = 9; includeInIndex = 0; lastKnownFileType = unknown; name = Foundation.ttf; path = "../node_modules/react-native-vector-icons/Fonts/Foundation.ttf"; sourceTree = "<group>"; };
		FBB5CEC1CF014CE28076907E /* FontAwesome5_Regular.ttf */ = {isa = PBXFileReference; explicitFileType = undefined; fileEncoding = 9; includeInIndex = 0; lastKnownFileType = unknown; name = FontAwesome5_Regular.ttf; path = "../node_modules/react-native-vector-icons/Fonts/FontAwesome5_Regular.ttf"; sourceTree = "<group>"; };
/* End PBXFileReference section */

/* Begin PBXFrameworksBuildPhase section */
		00E356EB1AD99517003FC87E /* Frameworks */ = {
			isa = PBXFrameworksBuildPhase;
			buildActionMask = 2147483647;
			files = (
				B2160A027B01F4578FAB3769 /* libPods-semargres-semargresTests.a in Frameworks */,
			);
			runOnlyForDeploymentPostprocessing = 0;
		};
		13B07F8C1A680F5B00A75B9A /* Frameworks */ = {
			isa = PBXFrameworksBuildPhase;
			buildActionMask = 2147483647;
			files = (
				0156DF5528A20C48003E996E /* libswiftWebKit.tbd in Frameworks */,
				AE839800D6C3114A57EEBF72 /* libPods-semargres.a in Frameworks */,
			);
			runOnlyForDeploymentPostprocessing = 0;
		};
/* End PBXFrameworksBuildPhase section */

/* Begin PBXGroup section */
		00E356EF1AD99517003FC87E /* semargresTests */ = {
			isa = PBXGroup;
			children = (
				00E356F21AD99517003FC87E /* semargresTests.m */,
				00E356F01AD99517003FC87E /* Supporting Files */,
			);
			path = semargresTests;
			sourceTree = "<group>";
		};
		00E356F01AD99517003FC87E /* Supporting Files */ = {
			isa = PBXGroup;
			children = (
				00E356F11AD99517003FC87E /* Info.plist */,
			);
			name = "Supporting Files";
			sourceTree = "<group>";
		};
		13B07FAE1A68108700A75B9A /* semargres */ = {
			isa = PBXGroup;
			children = (
				27D8A09F287FBFFD00B6CED6 /* semargres.entitlements */,
				27D8A0A0287FC54D00B6CED6 /* appstore.png */,
				271A4FDC287F2F23008A4960 /* Assets.xcassets */,
				13B07FAF1A68108700A75B9A /* AppDelegate.h */,
				13B07FB01A68108700A75B9A /* AppDelegate.mm */,
				13B07FB51A68108700A75B9A /* Images.xcassets */,
				13B07FB61A68108700A75B9A /* Info.plist */,
				81AB9BB72411601600AC10FF /* LaunchScreen.storyboard */,
				13B07FB71A68108700A75B9A /* main.m */,
			);
			name = semargres;
			sourceTree = "<group>";
		};
		2D16E6871FA4F8E400B85C8A /* Frameworks */ = {
			isa = PBXGroup;
			children = (
				0156DF5428A20C48003E996E /* libswiftWebKit.tbd */,
				ED297162215061F000B7C4FE /* JavaScriptCore.framework */,
				D7C2FD70067E5BCF0994D7A3 /* libPods-semargres.a */,
				28237EE565F1DDF7DDB2DBDE /* libPods-semargres-semargresTests.a */,
			);
			name = Frameworks;
			sourceTree = "<group>";
		};
		4B02A189473C4D7C846DF1DD /* Resources */ = {
			isa = PBXGroup;
			children = (
				B6684955E61444B197B11083 /* AntDesign.ttf */,
				A55387F7D2084955A3E45879 /* Entypo.ttf */,
				E695CFC707AF46AE8AEFCA6E /* EvilIcons.ttf */,
				52B5D6DE0A9048378B8C22F0 /* Feather.ttf */,
				0317A9932FC44AA59C910C21 /* FontAwesome.ttf */,
				E4F5B0449D5843B480FE9D6B /* FontAwesome5_Brands.ttf */,
				FBB5CEC1CF014CE28076907E /* FontAwesome5_Regular.ttf */,
				1A5B0ABD3C9F4EC591F808BC /* FontAwesome5_Solid.ttf */,
				92D0060E00AB48078B410D9C /* Fontisto.ttf */,
				FAE5A63D73EE4241BA1E1A38 /* Foundation.ttf */,
				DD41CCE4608347E787EE51E6 /* Ionicons.ttf */,
				1A4DDD4F0CEB4A968ECA5CE5 /* MaterialCommunityIcons.ttf */,
				5E6225CBC0494C1CB3B92E40 /* MaterialIcons.ttf */,
				64C93E48435545A59A39D72D /* Octicons.ttf */,
				572D1AC1AFEF4AD7ABA97B9B /* SimpleLineIcons.ttf */,
				CE14E63D195743BFA73797DF /* Zocial.ttf */,
				1152E9C166CB42BAA3C35D1F /* Inter-Black.ttf */,
				44F9FBB61D6B4351862F6C86 /* Inter-Bold.ttf */,
				1D7F9185D548420E93C11A61 /* Inter-BoldItalic.ttf */,
				B667B8EF456E46E6B0618F14 /* Inter-ExtraBold.ttf */,
				9A88BDD86F6E4F05A0C07756 /* Inter-ExtraBoldItalic.ttf */,
				D4A89223AB0A43E3BCDEE487 /* Inter-ExtraLight-BETA.ttf */,
				5D1DDAB4578B415C979CD69B /* Inter-ExtraLightItalic-BETA.ttf */,
				27CDCA77B07643D9BF85C278 /* Inter-Italic.ttf */,
				6889EDE546964A11BD4690A1 /* Inter-Light-BETA.ttf */,
				F1C84EDA4C9F4326BCF2FA0D /* Inter-LightItalic-BETA.ttf */,
				515AD50894664F19B90FF6ED /* Inter-Medium.ttf */,
				8BB8367474194274B5A95300 /* Inter-MediumItalic.ttf */,
				B9D329BA7BF3426E923FC574 /* Inter-Regular.ttf */,
				BF722499DE4340AD8A8ADC2F /* Inter-SemiBold.ttf */,
				2E7627A93D9245B59DA36323 /* Inter-SemiBoldItalic.ttf */,
				088C76D2F5C0404FAC401A1B /* Inter-Thin-BETA.ttf */,
				44BC5392A1E34E33AE4684EC /* Inter-ThinItalic-BETA.ttf */,
				32A049EF380C4EDEAA1D8172 /* Inter-UI-BlackItalic.ttf */,
				C895C54FD35642088CDA809E /* NeutrifPro-Bold.ttf */,
				5F20FC3F27AB480BBD13F5AC /* NeutrifPro-BoldItalic.ttf */,
				999998C934F7471D824762B2 /* NeutrifPro-Light.ttf */,
				052A6CE7ACFA4C358D80B897 /* NeutrifPro-LightItalic.ttf */,
				133BA2207DF947A9A4830A11 /* NeutrifPro-Medium.ttf */,
				E85554D56BDA488688B2CCA4 /* NeutrifPro-MediumItalic.ttf */,
				97A0DE8240B241F28612341F /* NeutrifPro-Regular.ttf */,
				462FD144B7CF4213A0F2CAAE /* NeutrifPro-RegularItalic.ttf */,
				AA8FBBBF41E04531B12E92E0 /* NeutrifPro-SemiBold.ttf */,
				C0FCFA80DCC54A49863E3A01 /* NeutrifPro-SemiBoldItalic.ttf */,
			);
			name = Resources;
			sourceTree = "<group>";
		};
		832341AE1AAA6A7D00B99B32 /* Libraries */ = {
			isa = PBXGroup;
			children = (
			);
			name = Libraries;
			sourceTree = "<group>";
		};
		83CBB9F61A601CBA00E9B192 = {
			isa = PBXGroup;
			children = (
				277C661A287E1D9B00141FAE /* GoogleService-Info.plist */,
				13B07FAE1A68108700A75B9A /* semargres */,
				832341AE1AAA6A7D00B99B32 /* Libraries */,
				00E356EF1AD99517003FC87E /* semargresTests */,
				83CBBA001A601CBA00E9B192 /* Products */,
				2D16E6871FA4F8E400B85C8A /* Frameworks */,
				BBD78D7AC51CEA395F1C20DB /* Pods */,
				4B02A189473C4D7C846DF1DD /* Resources */,
			);
			indentWidth = 2;
			sourceTree = "<group>";
			tabWidth = 2;
			usesTabs = 0;
		};
		83CBBA001A601CBA00E9B192 /* Products */ = {
			isa = PBXGroup;
			children = (
				13B07F961A680F5B00A75B9A /* semargres.app */,
				00E356EE1AD99517003FC87E /* semargresTests.xctest */,
			);
			name = Products;
			sourceTree = "<group>";
		};
		BBD78D7AC51CEA395F1C20DB /* Pods */ = {
			isa = PBXGroup;
			children = (
				863FF1A83121D2E66CB3988F /* Pods-semargres.debug.xcconfig */,
				E0FAB1DD5EFA6CDE57B35FDC /* Pods-semargres.release.xcconfig */,
				EC24F964FD787BD26BAB9B96 /* Pods-semargres-semargresTests.debug.xcconfig */,
				F2B2D75938CA128466B8B415 /* Pods-semargres-semargresTests.release.xcconfig */,
			);
			path = Pods;
			sourceTree = "<group>";
		};
/* End PBXGroup section */

/* Begin PBXNativeTarget section */
		00E356ED1AD99517003FC87E /* semargresTests */ = {
			isa = PBXNativeTarget;
			buildConfigurationList = 00E357021AD99517003FC87E /* Build configuration list for PBXNativeTarget "semargresTests" */;
			buildPhases = (
				93723868ABAB094C24BEB3E2 /* [CP] Check Pods Manifest.lock */,
				00E356EA1AD99517003FC87E /* Sources */,
				00E356EB1AD99517003FC87E /* Frameworks */,
				00E356EC1AD99517003FC87E /* Resources */,
				42AF5A0C4C4C184809AF3C50 /* [CP] Embed Pods Frameworks */,
				CB0856D279ED7CB31C4230F2 /* [CP] Copy Pods Resources */,
			);
			buildRules = (
			);
			dependencies = (
				00E356F51AD99517003FC87E /* PBXTargetDependency */,
			);
			name = semargresTests;
			productName = semargresTests;
			productReference = 00E356EE1AD99517003FC87E /* semargresTests.xctest */;
			productType = "com.apple.product-type.bundle.unit-test";
		};
		13B07F861A680F5B00A75B9A /* semargres */ = {
			isa = PBXNativeTarget;
			buildConfigurationList = 13B07F931A680F5B00A75B9A /* Build configuration list for PBXNativeTarget "semargres" */;
			buildPhases = (
				977B3EFA140E6C2F3B1246E5 /* [CP] Check Pods Manifest.lock */,
				FD10A7F022414F080027D42C /* Start Packager */,
				13B07F871A680F5B00A75B9A /* Sources */,
				13B07F8C1A680F5B00A75B9A /* Frameworks */,
				0156DF4F28A20BF7003E996E /* Resources */,
				00DD1BFF1BD5951E006B06BC /* Bundle React Native code and images */,
				6A3833276184D6F8BA406DB1 /* [CP] Embed Pods Frameworks */,
				B05288F69778B389009E6F58 /* [CP] Copy Pods Resources */,
				FBF0BC0DB82F666C6448DB1C /* [CP-User] [RNFB] Core Configuration */,
			);
			buildRules = (
			);
			dependencies = (
			);
			name = semargres;
			productName = semargres;
			productReference = 13B07F961A680F5B00A75B9A /* semargres.app */;
			productType = "com.apple.product-type.application";
		};
/* End PBXNativeTarget section */

/* Begin PBXProject section */
		83CBB9F71A601CBA00E9B192 /* Project object */ = {
			isa = PBXProject;
			attributes = {
				LastUpgradeCheck = 1210;
				TargetAttributes = {
					00E356ED1AD99517003FC87E = {
						CreatedOnToolsVersion = 6.2;
						TestTargetID = 13B07F861A680F5B00A75B9A;
					};
					13B07F861A680F5B00A75B9A = {
						LastSwiftMigration = 1120;
					};
				};
			};
			buildConfigurationList = 83CBB9FA1A601CBA00E9B192 /* Build configuration list for PBXProject "semargres" */;
			compatibilityVersion = "Xcode 12.0";
			developmentRegion = en;
			hasScannedForEncodings = 0;
			knownRegions = (
				en,
				Base,
			);
			mainGroup = 83CBB9F61A601CBA00E9B192;
			productRefGroup = 83CBBA001A601CBA00E9B192 /* Products */;
			projectDirPath = "";
			projectRoot = "";
			targets = (
				13B07F861A680F5B00A75B9A /* semargres */,
				00E356ED1AD99517003FC87E /* semargresTests */,
			);
		};
/* End PBXProject section */

/* Begin PBXResourcesBuildPhase section */
		00E356EC1AD99517003FC87E /* Resources */ = {
			isa = PBXResourcesBuildPhase;
			buildActionMask = 2147483647;
			files = (
				0D4BF94FEEBD4621AEDA7464 /* Inter-Black.ttf in Resources */,
				85EF476170C54AF88A1111B4 /* Inter-Bold.ttf in Resources */,
				72999E799D6F4E3F95208A8E /* Inter-BoldItalic.ttf in Resources */,
				FFAB90B61447413E8C8DDE46 /* Inter-ExtraBold.ttf in Resources */,
				6C701C4776F74E858AFA16D8 /* Inter-ExtraBoldItalic.ttf in Resources */,
				A732CBB01D0C481A80198D45 /* Inter-ExtraLight-BETA.ttf in Resources */,
				DAD0FBCA855A464A809D97AD /* Inter-ExtraLightItalic-BETA.ttf in Resources */,
				542A9063F89F4D22A365A141 /* Inter-Italic.ttf in Resources */,
				6E648D0EA46A4D0FB6768EB9 /* Inter-Light-BETA.ttf in Resources */,
				47F519DD43E843619711C607 /* Inter-LightItalic-BETA.ttf in Resources */,
				5082B82860FC4CE4827B9443 /* Inter-Medium.ttf in Resources */,
				FD97B4729FCF41E49F12181E /* Inter-MediumItalic.ttf in Resources */,
				BD47007727B044548584AA88 /* Inter-Regular.ttf in Resources */,
				EC916442AA4347169D8D5A41 /* Inter-SemiBold.ttf in Resources */,
				8DB6DB4DEB7244CDA3AE86AD /* Inter-SemiBoldItalic.ttf in Resources */,
				F9C19851E35549AEB2AA9126 /* Inter-Thin-BETA.ttf in Resources */,
				31223F11BD194EA7A5443249 /* Inter-ThinItalic-BETA.ttf in Resources */,
				1D4B7C52F457445CBC84B01A /* Inter-UI-BlackItalic.ttf in Resources */,
				EF39A2E8D39C4DA6B720A59C /* NeutrifPro-Bold.ttf in Resources */,
				253C8510E0FB412B9EDDAD26 /* NeutrifPro-BoldItalic.ttf in Resources */,
				98596D435D20472296714B10 /* NeutrifPro-Light.ttf in Resources */,
				A773E9C2D818499EA2FC4C92 /* NeutrifPro-LightItalic.ttf in Resources */,
				C1B9978EA4B94632AADE6985 /* NeutrifPro-Medium.ttf in Resources */,
				3FEBECF83AFA46479AD683E7 /* NeutrifPro-MediumItalic.ttf in Resources */,
				8AD3306C7D8E43F187605E14 /* NeutrifPro-Regular.ttf in Resources */,
				46A39572A6AB4221913458E5 /* NeutrifPro-RegularItalic.ttf in Resources */,
				EA0397E06AE1419D990B46A3 /* NeutrifPro-SemiBold.ttf in Resources */,
				4FB334CCF1934D189D66C0BB /* NeutrifPro-SemiBoldItalic.ttf in Resources */,
			);
			runOnlyForDeploymentPostprocessing = 0;
		};
		0156DF4F28A20BF7003E996E /* Resources */ = {
			isa = PBXResourcesBuildPhase;
			buildActionMask = 2147483647;
			files = (
				0156DFC628A20CE1003E996E /* Inter-Black.ttf in Resources */,
				0156DFC728A20CE1003E996E /* Inter-Bold.ttf in Resources */,
				0156DFC828A20CE1003E996E /* Inter-BoldItalic.ttf in Resources */,
				0156DFC928A20CE1003E996E /* Inter-ExtraBold.ttf in Resources */,
				0156DFCA28A20CE1003E996E /* Inter-ExtraBoldItalic.ttf in Resources */,
				0156DFCB28A20CE1003E996E /* Inter-ExtraLight-BETA.ttf in Resources */,
				0156DFCC28A20CE1003E996E /* Inter-ExtraLightItalic-BETA.ttf in Resources */,
				0156DFCD28A20CE1003E996E /* Inter-Italic.ttf in Resources */,
				0156DFCE28A20CE1003E996E /* Inter-Light-BETA.ttf in Resources */,
				0156DFCF28A20CE1003E996E /* Inter-LightItalic-BETA.ttf in Resources */,
				0156DFD028A20CE1003E996E /* Inter-Medium.ttf in Resources */,
				0156DFD128A20CE1003E996E /* Inter-MediumItalic.ttf in Resources */,
				0156DFD228A20CE1003E996E /* Inter-Regular.ttf in Resources */,
				0156DFD328A20CE1003E996E /* Inter-SemiBold.ttf in Resources */,
				0156DFD428A20CE1003E996E /* Inter-SemiBoldItalic.ttf in Resources */,
				0156DFD528A20CE1003E996E /* Inter-Thin-BETA.ttf in Resources */,
				0156DFD628A20CE1003E996E /* Inter-ThinItalic-BETA.ttf in Resources */,
				0156DFD728A20CE1003E996E /* Inter-UI-BlackItalic.ttf in Resources */,
				0156DFD828A20CE1003E996E /* NeutrifPro-Bold.ttf in Resources */,
				0156DFD928A20CE1003E996E /* NeutrifPro-BoldItalic.ttf in Resources */,
				0156DFDA28A20CE1003E996E /* NeutrifPro-Light.ttf in Resources */,
				0156DFDB28A20CE1003E996E /* NeutrifPro-LightItalic.ttf in Resources */,
				0156DFDC28A20CE1003E996E /* NeutrifPro-Medium.ttf in Resources */,
				0156DFDD28A20CE1003E996E /* NeutrifPro-MediumItalic.ttf in Resources */,
				0156DFDE28A20CE1003E996E /* NeutrifPro-Regular.ttf in Resources */,
				0156DFDF28A20CE1003E996E /* NeutrifPro-RegularItalic.ttf in Resources */,
				0156DFE028A20CE1003E996E /* NeutrifPro-SemiBold.ttf in Resources */,
				0156DFE128A20CE1003E996E /* NeutrifPro-SemiBoldItalic.ttf in Resources */,
				0156DF5328A20C1D003E996E /* GoogleService-Info.plist in Resources */,
				0156DF5228A20C17003E996E /* appstore.png in Resources */,
				0156DF5128A20C10003E996E /* Images.xcassets in Resources */,
				0156DF5028A20C0D003E996E /* LaunchScreen.storyboard in Resources */,
			);
			runOnlyForDeploymentPostprocessing = 0;
		};
/* End PBXResourcesBuildPhase section */

/* Begin PBXShellScriptBuildPhase section */
		00DD1BFF1BD5951E006B06BC /* Bundle React Native code and images */ = {
			isa = PBXShellScriptBuildPhase;
			buildActionMask = 2147483647;
			files = (
			);
			inputPaths = (
			);
			name = "Bundle React Native code and images";
			outputPaths = (
			);
			runOnlyForDeploymentPostprocessing = 0;
			shellPath = /bin/sh;
			shellScript = "set -e\n\nexport NODE_BINARY=node\n../node_modules/react-native/scripts/react-native-xcode.sh\n";
		};
		42AF5A0C4C4C184809AF3C50 /* [CP] Embed Pods Frameworks */ = {
			isa = PBXShellScriptBuildPhase;
			buildActionMask = 2147483647;
			files = (
			);
			inputFileListPaths = (
				"${PODS_ROOT}/Target Support Files/Pods-semargres-semargresTests/Pods-semargres-semargresTests-frameworks-${CONFIGURATION}-input-files.xcfilelist",
			);
			name = "[CP] Embed Pods Frameworks";
			outputFileListPaths = (
				"${PODS_ROOT}/Target Support Files/Pods-semargres-semargresTests/Pods-semargres-semargresTests-frameworks-${CONFIGURATION}-output-files.xcfilelist",
			);
			runOnlyForDeploymentPostprocessing = 0;
			shellPath = /bin/sh;
			shellScript = "\"${PODS_ROOT}/Target Support Files/Pods-semargres-semargresTests/Pods-semargres-semargresTests-frameworks.sh\"\n";
			showEnvVarsInLog = 0;
		};
		6A3833276184D6F8BA406DB1 /* [CP] Embed Pods Frameworks */ = {
			isa = PBXShellScriptBuildPhase;
			buildActionMask = 2147483647;
			files = (
			);
			inputFileListPaths = (
				"${PODS_ROOT}/Target Support Files/Pods-semargres/Pods-semargres-frameworks-${CONFIGURATION}-input-files.xcfilelist",
			);
			name = "[CP] Embed Pods Frameworks";
			outputFileListPaths = (
				"${PODS_ROOT}/Target Support Files/Pods-semargres/Pods-semargres-frameworks-${CONFIGURATION}-output-files.xcfilelist",
			);
			runOnlyForDeploymentPostprocessing = 0;
			shellPath = /bin/sh;
			shellScript = "\"${PODS_ROOT}/Target Support Files/Pods-semargres/Pods-semargres-frameworks.sh\"\n";
			showEnvVarsInLog = 0;
		};
		93723868ABAB094C24BEB3E2 /* [CP] Check Pods Manifest.lock */ = {
			isa = PBXShellScriptBuildPhase;
			buildActionMask = 2147483647;
			files = (
			);
			inputFileListPaths = (
			);
			inputPaths = (
				"${PODS_PODFILE_DIR_PATH}/Podfile.lock",
				"${PODS_ROOT}/Manifest.lock",
			);
			name = "[CP] Check Pods Manifest.lock";
			outputFileListPaths = (
			);
			outputPaths = (
				"$(DERIVED_FILE_DIR)/Pods-semargres-semargresTests-checkManifestLockResult.txt",
			);
			runOnlyForDeploymentPostprocessing = 0;
			shellPath = /bin/sh;
			shellScript = "diff \"${PODS_PODFILE_DIR_PATH}/Podfile.lock\" \"${PODS_ROOT}/Manifest.lock\" > /dev/null\nif [ $? != 0 ] ; then\n    # print error to STDERR\n    echo \"error: The sandbox is not in sync with the Podfile.lock. Run 'pod install' or update your CocoaPods installation.\" >&2\n    exit 1\nfi\n# This output is used by Xcode 'outputs' to avoid re-running this script phase.\necho \"SUCCESS\" > \"${SCRIPT_OUTPUT_FILE_0}\"\n";
			showEnvVarsInLog = 0;
		};
		977B3EFA140E6C2F3B1246E5 /* [CP] Check Pods Manifest.lock */ = {
			isa = PBXShellScriptBuildPhase;
			buildActionMask = 2147483647;
			files = (
			);
			inputFileListPaths = (
			);
			inputPaths = (
				"${PODS_PODFILE_DIR_PATH}/Podfile.lock",
				"${PODS_ROOT}/Manifest.lock",
			);
			name = "[CP] Check Pods Manifest.lock";
			outputFileListPaths = (
			);
			outputPaths = (
				"$(DERIVED_FILE_DIR)/Pods-semargres-checkManifestLockResult.txt",
			);
			runOnlyForDeploymentPostprocessing = 0;
			shellPath = /bin/sh;
			shellScript = "diff \"${PODS_PODFILE_DIR_PATH}/Podfile.lock\" \"${PODS_ROOT}/Manifest.lock\" > /dev/null\nif [ $? != 0 ] ; then\n    # print error to STDERR\n    echo \"error: The sandbox is not in sync with the Podfile.lock. Run 'pod install' or update your CocoaPods installation.\" >&2\n    exit 1\nfi\n# This output is used by Xcode 'outputs' to avoid re-running this script phase.\necho \"SUCCESS\" > \"${SCRIPT_OUTPUT_FILE_0}\"\n";
			showEnvVarsInLog = 0;
		};
		B05288F69778B389009E6F58 /* [CP] Copy Pods Resources */ = {
			isa = PBXShellScriptBuildPhase;
			buildActionMask = 2147483647;
			files = (
			);
			inputFileListPaths = (
				"${PODS_ROOT}/Target Support Files/Pods-semargres/Pods-semargres-resources-${CONFIGURATION}-input-files.xcfilelist",
			);
			name = "[CP] Copy Pods Resources";
			outputFileListPaths = (
				"${PODS_ROOT}/Target Support Files/Pods-semargres/Pods-semargres-resources-${CONFIGURATION}-output-files.xcfilelist",
			);
			runOnlyForDeploymentPostprocessing = 0;
			shellPath = /bin/sh;
			shellScript = "\"${PODS_ROOT}/Target Support Files/Pods-semargres/Pods-semargres-resources.sh\"\n";
			showEnvVarsInLog = 0;
		};
		CB0856D279ED7CB31C4230F2 /* [CP] Copy Pods Resources */ = {
			isa = PBXShellScriptBuildPhase;
			buildActionMask = 2147483647;
			files = (
			);
			inputFileListPaths = (
				"${PODS_ROOT}/Target Support Files/Pods-semargres-semargresTests/Pods-semargres-semargresTests-resources-${CONFIGURATION}-input-files.xcfilelist",
			);
			name = "[CP] Copy Pods Resources";
			outputFileListPaths = (
				"${PODS_ROOT}/Target Support Files/Pods-semargres-semargresTests/Pods-semargres-semargresTests-resources-${CONFIGURATION}-output-files.xcfilelist",
			);
			runOnlyForDeploymentPostprocessing = 0;
			shellPath = /bin/sh;
			shellScript = "\"${PODS_ROOT}/Target Support Files/Pods-semargres-semargresTests/Pods-semargres-semargresTests-resources.sh\"\n";
			showEnvVarsInLog = 0;
		};
		FBF0BC0DB82F666C6448DB1C /* [CP-User] [RNFB] Core Configuration */ = {
			isa = PBXShellScriptBuildPhase;
			buildActionMask = 2147483647;
			files = (
			);
			name = "[CP-User] [RNFB] Core Configuration";
			runOnlyForDeploymentPostprocessing = 0;
			shellPath = /bin/sh;
			shellScript = "#!/usr/bin/env bash\n#\n# Copyright (c) 2016-present Invertase Limited & Contributors\n#\n# Licensed under the Apache License, Version 2.0 (the \"License\");\n# you may not use this library except in compliance with the License.\n# You may obtain a copy of the License at\n#\n#   http://www.apache.org/licenses/LICENSE-2.0\n#\n# Unless required by applicable law or agreed to in writing, software\n# distributed under the License is distributed on an \"AS IS\" BASIS,\n# WITHOUT WARRANTIES OR CONDITIONS OF ANY KIND, either express or implied.\n# See the License for the specific language governing permissions and\n# limitations under the License.\n#\nset -e\n\n_MAX_LOOKUPS=2;\n_SEARCH_RESULT=''\n_RN_ROOT_EXISTS=''\n_CURRENT_LOOKUPS=1\n_JSON_ROOT=\"'react-native'\"\n_JSON_FILE_NAME='firebase.json'\n_JSON_OUTPUT_BASE64='e30=' # { }\n_CURRENT_SEARCH_DIR=${PROJECT_DIR}\n_PLIST_BUDDY=/usr/libexec/PlistBuddy\n_TARGET_PLIST=\"${BUILT_PRODUCTS_DIR}/${INFOPLIST_PATH}\"\n_DSYM_PLIST=\"${DWARF_DSYM_FOLDER_PATH}/${DWARF_DSYM_FILE_NAME}/Contents/Info.plist\"\n\n# plist arrays\n_PLIST_ENTRY_KEYS=()\n_PLIST_ENTRY_TYPES=()\n_PLIST_ENTRY_VALUES=()\n\nfunction setPlistValue {\n  echo \"info:      setting plist entry '$1' of type '$2' in file '$4'\"\n  ${_PLIST_BUDDY} -c \"Add :$1 $2 '$3'\" $4 || echo \"info:      '$1' already exists\"\n}\n\nfunction getFirebaseJsonKeyValue () {\n  if [[ ${_RN_ROOT_EXISTS} ]]; then\n    ruby -e \"require 'rubygems';require 'json'; output=JSON.parse('$1'); puts output[$_JSON_ROOT]['$2']\"\n  else\n    echo \"\"\n  fi;\n}\n\nfunction jsonBoolToYesNo () {\n  if [[ $1 == \"false\" ]]; then\n    echo \"NO\"\n  elif [[ $1 == \"true\" ]]; then\n    echo \"YES\"\n  else echo \"NO\"\n  fi\n}\n\necho \"info: -> RNFB build script started\"\necho \"info: 1) Locating ${_JSON_FILE_NAME} file:\"\n\nif [[ -z ${_CURRENT_SEARCH_DIR} ]]; then\n  _CURRENT_SEARCH_DIR=$(pwd)\nfi;\n\nwhile true; do\n  _CURRENT_SEARCH_DIR=$(dirname \"$_CURRENT_SEARCH_DIR\")\n  if [[ \"$_CURRENT_SEARCH_DIR\" == \"/\" ]] || [[ ${_CURRENT_LOOKUPS} -gt ${_MAX_LOOKUPS} ]]; then break; fi;\n  echo \"info:      ($_CURRENT_LOOKUPS of $_MAX_LOOKUPS) Searching in '$_CURRENT_SEARCH_DIR' for a ${_JSON_FILE_NAME} file.\"\n  _SEARCH_RESULT=$(find \"$_CURRENT_SEARCH_DIR\" -maxdepth 2 -name ${_JSON_FILE_NAME} -print | head -n 1)\n  if [[ ${_SEARCH_RESULT} ]]; then\n    echo \"info:      ${_JSON_FILE_NAME} found at $_SEARCH_RESULT\"\n    break;\n  fi;\n  _CURRENT_LOOKUPS=$((_CURRENT_LOOKUPS+1))\ndone\n\nif [[ ${_SEARCH_RESULT} ]]; then\n  _JSON_OUTPUT_RAW=$(cat \"${_SEARCH_RESULT}\")\n  _RN_ROOT_EXISTS=$(ruby -e \"require 'rubygems';require 'json'; output=JSON.parse('$_JSON_OUTPUT_RAW'); puts output[$_JSON_ROOT]\" || echo '')\n\n  if [[ ${_RN_ROOT_EXISTS} ]]; then\n    _JSON_OUTPUT_BASE64=$(python -c 'import json,sys,base64;print(base64.b64encode(json.dumps(json.loads(open('\"'${_SEARCH_RESULT}'\"').read())['${_JSON_ROOT}'])))' || echo \"e30=\")\n  fi\n\n  _PLIST_ENTRY_KEYS+=(\"firebase_json_raw\")\n  _PLIST_ENTRY_TYPES+=(\"string\")\n  _PLIST_ENTRY_VALUES+=(\"$_JSON_OUTPUT_BASE64\")\n\n  # config.analytics_auto_collection_enabled\n  _ANALYTICS_AUTO_COLLECTION=$(getFirebaseJsonKeyValue \"$_JSON_OUTPUT_RAW\" \"analytics_auto_collection_enabled\")\n  if [[ $_ANALYTICS_AUTO_COLLECTION ]]; then\n    _PLIST_ENTRY_KEYS+=(\"FIREBASE_ANALYTICS_COLLECTION_ENABLED\")\n    _PLIST_ENTRY_TYPES+=(\"bool\")\n    _PLIST_ENTRY_VALUES+=(\"$(jsonBoolToYesNo \"$_ANALYTICS_AUTO_COLLECTION\")\")\n  fi\n\n  # config.perf_auto_collection_enabled\n  _PERF_AUTO_COLLECTION=$(getFirebaseJsonKeyValue \"$_JSON_OUTPUT_RAW\" \"perf_auto_collection_enabled\")\n  if [[ $_PERF_AUTO_COLLECTION ]]; then\n    _PLIST_ENTRY_KEYS+=(\"firebase_performance_collection_enabled\")\n    _PLIST_ENTRY_TYPES+=(\"bool\")\n    _PLIST_ENTRY_VALUES+=(\"$(jsonBoolToYesNo \"$_PERF_AUTO_COLLECTION\")\")\n  fi\n\n  # config.messaging_auto_init_enabled\n  _MESSAGING_AUTO_INIT=$(getFirebaseJsonKeyValue \"$_JSON_OUTPUT_RAW\" \"messaging_auto_init_enabled\")\n  if [[ $_MESSAGING_AUTO_INIT ]]; then\n    _PLIST_ENTRY_KEYS+=(\"FirebaseMessagingAutoInitEnabled\")\n    _PLIST_ENTRY_TYPES+=(\"bool\")\n    _PLIST_ENTRY_VALUES+=(\"$(jsonBoolToYesNo \"$_MESSAGING_AUTO_INIT\")\")\n  fi\n\n  # config.crashlytics_disable_auto_disabler - undocumented for now - mainly for debugging, document if becomes useful\n  _CRASHLYTICS_AUTO_DISABLE_ENABLED=$(getFirebaseJsonKeyValue \"$_JSON_OUTPUT_RAW\" \"crashlytics_disable_auto_disabler\")\n  if [[ $_CRASHLYTICS_AUTO_DISABLE_ENABLED == \"true\" ]]; then\n    echo \"Disabled Crashlytics auto disabler.\" # do nothing\n  else\n    _PLIST_ENTRY_KEYS+=(\"FirebaseCrashlyticsCollectionEnabled\")\n    _PLIST_ENTRY_TYPES+=(\"bool\")\n    _PLIST_ENTRY_VALUES+=(\"NO\")\n  fi\n\n  # config.admob_delay_app_measurement_init\n  _ADMOB_DELAY_APP_MEASUREMENT=$(getFirebaseJsonKeyValue \"$_JSON_OUTPUT_RAW\" \"admob_delay_app_measurement_init\")\n  if [[ $_ADMOB_DELAY_APP_MEASUREMENT == \"true\" ]]; then\n    _PLIST_ENTRY_KEYS+=(\"GADDelayAppMeasurementInit\")\n    _PLIST_ENTRY_TYPES+=(\"bool\")\n    _PLIST_ENTRY_VALUES+=(\"YES\")\n  fi\n\n  # config.admob_ios_app_id\n  _ADMOB_IOS_APP_ID=$(getFirebaseJsonKeyValue \"$_JSON_OUTPUT_RAW\" \"admob_ios_app_id\")\n  if [[ $_ADMOB_IOS_APP_ID ]]; then\n    _PLIST_ENTRY_KEYS+=(\"GADApplicationIdentifier\")\n    _PLIST_ENTRY_TYPES+=(\"string\")\n    _PLIST_ENTRY_VALUES+=(\"$_ADMOB_IOS_APP_ID\")\n  fi\nelse\n  _PLIST_ENTRY_KEYS+=(\"firebase_json_raw\")\n  _PLIST_ENTRY_TYPES+=(\"string\")\n  _PLIST_ENTRY_VALUES+=(\"$_JSON_OUTPUT_BASE64\")\n  echo \"warning:   A firebase.json file was not found, whilst this file is optional it is recommended to include it to configure firebase services in React Native Firebase.\"\nfi;\n\necho \"info: 2) Injecting Info.plist entries: \"\n\n# Log out the keys we're adding\nfor i in \"${!_PLIST_ENTRY_KEYS[@]}\"; do\n  echo \"    ->  $i) ${_PLIST_ENTRY_KEYS[$i]}\" \"${_PLIST_ENTRY_TYPES[$i]}\" \"${_PLIST_ENTRY_VALUES[$i]}\"\ndone\n\nfor plist in \"${_TARGET_PLIST}\" \"${_DSYM_PLIST}\" ; do\n  if [[ -f \"${plist}\" ]]; then\n\n    # paths with spaces break the call to setPlistValue. temporarily modify\n    # the shell internal field separator variable (IFS), which normally\n    # includes spaces, to consist only of line breaks\n    oldifs=$IFS\n    IFS=\"\n\"\n\n    for i in \"${!_PLIST_ENTRY_KEYS[@]}\"; do\n      setPlistValue \"${_PLIST_ENTRY_KEYS[$i]}\" \"${_PLIST_ENTRY_TYPES[$i]}\" \"${_PLIST_ENTRY_VALUES[$i]}\" \"${plist}\"\n    done\n\n    # restore the original internal field separator value\n    IFS=$oldifs\n  else\n    echo \"warning:   A Info.plist build output file was not found (${plist})\"\n  fi\ndone\n\necho \"info: <- RNFB build script finished\"\n";
		};
		FD10A7F022414F080027D42C /* Start Packager */ = {
			isa = PBXShellScriptBuildPhase;
			buildActionMask = 2147483647;
			files = (
			);
			inputFileListPaths = (
			);
			inputPaths = (
			);
			name = "Start Packager";
			outputFileListPaths = (
			);
			outputPaths = (
			);
			runOnlyForDeploymentPostprocessing = 0;
			shellPath = /bin/sh;
			shellScript = "export RCT_METRO_PORT=\"${RCT_METRO_PORT:=8081}\"\necho \"export RCT_METRO_PORT=${RCT_METRO_PORT}\" > \"${SRCROOT}/../node_modules/react-native/scripts/.packager.env\"\nif [ -z \"${RCT_NO_LAUNCH_PACKAGER+xxx}\" ] ; then\n  if nc -w 5 -z localhost ${RCT_METRO_PORT} ; then\n    if ! curl -s \"http://localhost:${RCT_METRO_PORT}/status\" | grep -q \"packager-status:running\" ; then\n      echo \"Port ${RCT_METRO_PORT} already in use, packager is either not running or not running correctly\"\n      exit 2\n    fi\n  else\n    open \"$SRCROOT/../node_modules/react-native/scripts/launchPackager.command\" || echo \"Can't start packager automatically\"\n  fi\nfi\n";
			showEnvVarsInLog = 0;
		};
/* End PBXShellScriptBuildPhase section */

/* Begin PBXSourcesBuildPhase section */
		00E356EA1AD99517003FC87E /* Sources */ = {
			isa = PBXSourcesBuildPhase;
			buildActionMask = 2147483647;
			files = (
				00E356F31AD99517003FC87E /* semargresTests.m in Sources */,
			);
			runOnlyForDeploymentPostprocessing = 0;
		};
		13B07F871A680F5B00A75B9A /* Sources */ = {
			isa = PBXSourcesBuildPhase;
			buildActionMask = 2147483647;
			files = (
				13B07FBC1A68108700A75B9A /* AppDelegate.mm in Sources */,
				13B07FC11A68108700A75B9A /* main.m in Sources */,
			);
			runOnlyForDeploymentPostprocessing = 0;
		};
/* End PBXSourcesBuildPhase section */

/* Begin PBXTargetDependency section */
		00E356F51AD99517003FC87E /* PBXTargetDependency */ = {
			isa = PBXTargetDependency;
			target = 13B07F861A680F5B00A75B9A /* semargres */;
			targetProxy = 00E356F41AD99517003FC87E /* PBXContainerItemProxy */;
		};
/* End PBXTargetDependency section */

/* Begin XCBuildConfiguration section */
		00E356F61AD99517003FC87E /* Debug */ = {
			isa = XCBuildConfiguration;
			baseConfigurationReference = EC24F964FD787BD26BAB9B96 /* Pods-semargres-semargresTests.debug.xcconfig */;
			buildSettings = {
				BUNDLE_LOADER = "$(TEST_HOST)";
				GCC_PREPROCESSOR_DEFINITIONS = (
					"DEBUG=1",
					"$(inherited)",
				);
				INFOPLIST_FILE = semargresTests/Info.plist;
				IPHONEOS_DEPLOYMENT_TARGET = 11.0;
				LD_RUNPATH_SEARCH_PATHS = (
					"$(inherited)",
					"@executable_path/Frameworks",
					"@loader_path/Frameworks",
				);
				OTHER_LDFLAGS = (
					"-ObjC",
					"-lc++",
					"$(inherited)",
				);
				PRODUCT_BUNDLE_IDENTIFIER = "org.reactjs.native.example.$(PRODUCT_NAME:rfc1034identifier)";
				PRODUCT_NAME = "$(TARGET_NAME)";
				TEST_HOST = "$(BUILT_PRODUCTS_DIR)/semargres.app/semargres";
			};
			name = Debug;
		};
		00E356F71AD99517003FC87E /* Release */ = {
			isa = XCBuildConfiguration;
			baseConfigurationReference = F2B2D75938CA128466B8B415 /* Pods-semargres-semargresTests.release.xcconfig */;
			buildSettings = {
				BUNDLE_LOADER = "$(TEST_HOST)";
				COPY_PHASE_STRIP = NO;
				INFOPLIST_FILE = semargresTests/Info.plist;
				IPHONEOS_DEPLOYMENT_TARGET = 11.0;
				LD_RUNPATH_SEARCH_PATHS = (
					"$(inherited)",
					"@executable_path/Frameworks",
					"@loader_path/Frameworks",
				);
				OTHER_LDFLAGS = (
					"-ObjC",
					"-lc++",
					"$(inherited)",
				);
				PRODUCT_BUNDLE_IDENTIFIER = "org.reactjs.native.example.$(PRODUCT_NAME:rfc1034identifier)";
				PRODUCT_NAME = "$(TARGET_NAME)";
				TEST_HOST = "$(BUILT_PRODUCTS_DIR)/semargres.app/semargres";
			};
			name = Release;
		};
		13B07F941A680F5B00A75B9A /* Debug */ = {
			isa = XCBuildConfiguration;
			baseConfigurationReference = 863FF1A83121D2E66CB3988F /* Pods-semargres.debug.xcconfig */;
			buildSettings = {
				ASSETCATALOG_COMPILER_APPICON_NAME = AppIcon;
				ASSETCATALOG_COMPILER_INCLUDE_ALL_APPICON_ASSETS = YES;
				CLANG_ENABLE_MODULES = YES;
				CODE_SIGN_ENTITLEMENTS = semargres/semargres.entitlements;
				CURRENT_PROJECT_VERSION = 21;
				DEVELOPMENT_TEAM = 7A639MSY8Y;
				ENABLE_BITCODE = NO;
				INFOPLIST_FILE = semargres/Info.plist;
				LD_RUNPATH_SEARCH_PATHS = (
					"$(inherited)",
					"@executable_path/Frameworks",
				);
				LIBRARY_SEARCH_PATHS = (
					"$(inherited)",
					"$(SDKROOT)/usr/lib/swift",
				);
				MARKETING_VERSION = 2.5;
				OTHER_LDFLAGS = (
					"$(inherited)",
					"-ObjC",
					"-lc++",
				);
				PRODUCT_BUNDLE_IDENTIFIER = com.gmedia.semargress2019;
				PRODUCT_NAME = semargres;
				SWIFT_OPTIMIZATION_LEVEL = "-Onone";
				SWIFT_VERSION = 5.0;
				TARGETED_DEVICE_FAMILY = "1,2";
				VERSIONING_SYSTEM = "apple-generic";
			};
			name = Debug;
		};
		13B07F951A680F5B00A75B9A /* Release */ = {
			isa = XCBuildConfiguration;
			baseConfigurationReference = E0FAB1DD5EFA6CDE57B35FDC /* Pods-semargres.release.xcconfig */;
			buildSettings = {
				ASSETCATALOG_COMPILER_APPICON_NAME = AppIcon;
				ASSETCATALOG_COMPILER_INCLUDE_ALL_APPICON_ASSETS = YES;
				CLANG_ENABLE_MODULES = YES;
				CODE_SIGN_ENTITLEMENTS = semargres/semargres.entitlements;
				CURRENT_PROJECT_VERSION = 21;
				DEVELOPMENT_TEAM = 7A639MSY8Y;
				INFOPLIST_FILE = semargres/Info.plist;
				LD_RUNPATH_SEARCH_PATHS = (
					"$(inherited)",
					"@executable_path/Frameworks",
				);
				LIBRARY_SEARCH_PATHS = (
					"$(inherited)",
					"$(SDKROOT)/usr/lib/swift",
				);
				MARKETING_VERSION = 2.5;
				OTHER_LDFLAGS = (
					"$(inherited)",
					"-ObjC",
					"-lc++",
				);
				PRODUCT_BUNDLE_IDENTIFIER = com.gmedia.semargress2019;
				PRODUCT_NAME = semargres;
				SWIFT_VERSION = 5.0;
				TARGETED_DEVICE_FAMILY = "1,2";
				VERSIONING_SYSTEM = "apple-generic";
			};
			name = Release;
		};
		83CBBA201A601CBA00E9B192 /* Debug */ = {
			isa = XCBuildConfiguration;
			buildSettings = {
				ALWAYS_SEARCH_USER_PATHS = NO;
				CLANG_ANALYZER_LOCALIZABILITY_NONLOCALIZED = YES;
				CLANG_CXX_LANGUAGE_STANDARD = "c++17";
				CLANG_CXX_LIBRARY = "libc++";
				CLANG_ENABLE_MODULES = YES;
				CLANG_ENABLE_OBJC_ARC = YES;
				CLANG_WARN_BLOCK_CAPTURE_AUTORELEASING = YES;
				CLANG_WARN_BOOL_CONVERSION = YES;
				CLANG_WARN_COMMA = YES;
				CLANG_WARN_CONSTANT_CONVERSION = YES;
				CLANG_WARN_DEPRECATED_OBJC_IMPLEMENTATIONS = YES;
				CLANG_WARN_DIRECT_OBJC_ISA_USAGE = YES_ERROR;
				CLANG_WARN_EMPTY_BODY = YES;
				CLANG_WARN_ENUM_CONVERSION = YES;
				CLANG_WARN_INFINITE_RECURSION = YES;
				CLANG_WARN_INT_CONVERSION = YES;
				CLANG_WARN_NON_LITERAL_NULL_CONVERSION = YES;
				CLANG_WARN_OBJC_IMPLICIT_RETAIN_SELF = YES;
				CLANG_WARN_OBJC_LITERAL_CONVERSION = YES;
				CLANG_WARN_OBJC_ROOT_CLASS = YES_ERROR;
				CLANG_WARN_QUOTED_INCLUDE_IN_FRAMEWORK_HEADER = YES;
				CLANG_WARN_RANGE_LOOP_ANALYSIS = YES;
				CLANG_WARN_STRICT_PROTOTYPES = YES;
				CLANG_WARN_SUSPICIOUS_MOVE = YES;
				CLANG_WARN_UNREACHABLE_CODE = YES;
				CLANG_WARN__DUPLICATE_METHOD_MATCH = YES;
				"CODE_SIGN_IDENTITY[sdk=iphoneos*]" = "iPhone Developer";
				COPY_PHASE_STRIP = NO;
				ENABLE_STRICT_OBJC_MSGSEND = YES;
				ENABLE_TESTABILITY = YES;
				"EXCLUDED_ARCHS[sdk=iphonesimulator*]" = "";
				GCC_C_LANGUAGE_STANDARD = gnu99;
				GCC_DYNAMIC_NO_PIC = NO;
				GCC_NO_COMMON_BLOCKS = YES;
				GCC_OPTIMIZATION_LEVEL = 0;
				GCC_PREPROCESSOR_DEFINITIONS = (
					"DEBUG=1",
					"$(inherited)",
				);
				GCC_SYMBOLS_PRIVATE_EXTERN = NO;
				GCC_WARN_64_TO_32_BIT_CONVERSION = YES;
				GCC_WARN_ABOUT_RETURN_TYPE = YES_ERROR;
				GCC_WARN_UNDECLARED_SELECTOR = YES;
				GCC_WARN_UNINITIALIZED_AUTOS = YES_AGGRESSIVE;
				GCC_WARN_UNUSED_FUNCTION = YES;
				GCC_WARN_UNUSED_VARIABLE = YES;
				IPHONEOS_DEPLOYMENT_TARGET = 11.0;
				LD_RUNPATH_SEARCH_PATHS = (
					/usr/lib/swift,
					"$(inherited)",
				);
				LIBRARY_SEARCH_PATHS = (
					"\"$(SDKROOT)/usr/lib/swift\"",
					"\"$(TOOLCHAIN_DIR)/usr/lib/swift/$(PLATFORM_NAME)\"",
					"\"$(inherited)\"",
				);
				MTL_ENABLE_DEBUG_INFO = YES;
				ONLY_ACTIVE_ARCH = YES;
				OTHER_CPLUSPLUSFLAGS = (
					"$(OTHER_CFLAGS)",
					"-DFOLLY_NO_CONFIG",
					"-DFOLLY_MOBILE=1",
					"-DFOLLY_USE_LIBCPP=1",
				);
				SDKROOT = iphoneos;
			};
			name = Debug;
		};
		83CBBA211A601CBA00E9B192 /* Release */ = {
			isa = XCBuildConfiguration;
			buildSettings = {
				ALWAYS_SEARCH_USER_PATHS = NO;
				CLANG_ANALYZER_LOCALIZABILITY_NONLOCALIZED = YES;
				CLANG_CXX_LANGUAGE_STANDARD = "c++17";
				CLANG_CXX_LIBRARY = "libc++";
				CLANG_ENABLE_MODULES = YES;
				CLANG_ENABLE_OBJC_ARC = YES;
				CLANG_WARN_BLOCK_CAPTURE_AUTORELEASING = YES;
				CLANG_WARN_BOOL_CONVERSION = YES;
				CLANG_WARN_COMMA = YES;
				CLANG_WARN_CONSTANT_CONVERSION = YES;
				CLANG_WARN_DEPRECATED_OBJC_IMPLEMENTATIONS = YES;
				CLANG_WARN_DIRECT_OBJC_ISA_USAGE = YES_ERROR;
				CLANG_WARN_EMPTY_BODY = YES;
				CLANG_WARN_ENUM_CONVERSION = YES;
				CLANG_WARN_INFINITE_RECURSION = YES;
				CLANG_WARN_INT_CONVERSION = YES;
				CLANG_WARN_NON_LITERAL_NULL_CONVERSION = YES;
				CLANG_WARN_OBJC_IMPLICIT_RETAIN_SELF = YES;
				CLANG_WARN_OBJC_LITERAL_CONVERSION = YES;
				CLANG_WARN_OBJC_ROOT_CLASS = YES_ERROR;
				CLANG_WARN_QUOTED_INCLUDE_IN_FRAMEWORK_HEADER = YES;
				CLANG_WARN_RANGE_LOOP_ANALYSIS = YES;
				CLANG_WARN_STRICT_PROTOTYPES = YES;
				CLANG_WARN_SUSPICIOUS_MOVE = YES;
				CLANG_WARN_UNREACHABLE_CODE = YES;
				CLANG_WARN__DUPLICATE_METHOD_MATCH = YES;
				"CODE_SIGN_IDENTITY[sdk=iphoneos*]" = "iPhone Developer";
				COPY_PHASE_STRIP = YES;
				ENABLE_NS_ASSERTIONS = NO;
				ENABLE_STRICT_OBJC_MSGSEND = YES;
				"EXCLUDED_ARCHS[sdk=iphonesimulator*]" = "";
				GCC_C_LANGUAGE_STANDARD = gnu99;
				GCC_NO_COMMON_BLOCKS = YES;
				GCC_WARN_64_TO_32_BIT_CONVERSION = YES;
				GCC_WARN_ABOUT_RETURN_TYPE = YES_ERROR;
				GCC_WARN_UNDECLARED_SELECTOR = YES;
				GCC_WARN_UNINITIALIZED_AUTOS = YES_AGGRESSIVE;
				GCC_WARN_UNUSED_FUNCTION = YES;
				GCC_WARN_UNUSED_VARIABLE = YES;
				IPHONEOS_DEPLOYMENT_TARGET = 11.0;
				LD_RUNPATH_SEARCH_PATHS = (
					/usr/lib/swift,
					"$(inherited)",
				);
				LIBRARY_SEARCH_PATHS = (
					"\"$(SDKROOT)/usr/lib/swift\"",
					"\"$(TOOLCHAIN_DIR)/usr/lib/swift/$(PLATFORM_NAME)\"",
					"\"$(inherited)\"",
				);
				MTL_ENABLE_DEBUG_INFO = NO;
				OTHER_CPLUSPLUSFLAGS = (
					"$(OTHER_CFLAGS)",
					"-DFOLLY_NO_CONFIG",
					"-DFOLLY_MOBILE=1",
					"-DFOLLY_USE_LIBCPP=1",
				);
				SDKROOT = iphoneos;
				VALIDATE_PRODUCT = YES;
			};
			name = Release;
		};
/* End XCBuildConfiguration section */

/* Begin XCConfigurationList section */
		00E357021AD99517003FC87E /* Build configuration list for PBXNativeTarget "semargresTests" */ = {
			isa = XCConfigurationList;
			buildConfigurations = (
				00E356F61AD99517003FC87E /* Debug */,
				00E356F71AD99517003FC87E /* Release */,
			);
			defaultConfigurationIsVisible = 0;
			defaultConfigurationName = Debug;
		};
		13B07F931A680F5B00A75B9A /* Build configuration list for PBXNativeTarget "semargres" */ = {
			isa = XCConfigurationList;
			buildConfigurations = (
				13B07F941A680F5B00A75B9A /* Debug */,
				13B07F951A680F5B00A75B9A /* Release */,
			);
			defaultConfigurationIsVisible = 0;
			defaultConfigurationName = Debug;
		};
		83CBB9FA1A601CBA00E9B192 /* Build configuration list for PBXProject "semargres" */ = {
			isa = XCConfigurationList;
			buildConfigurations = (
				83CBBA201A601CBA00E9B192 /* Debug */,
				83CBBA211A601CBA00E9B192 /* Release */,
			);
			defaultConfigurationIsVisible = 0;
			defaultConfigurationName = Debug;
		};
/* End XCConfigurationList section */
	};
	rootObject = 83CBB9F71A601CBA00E9B192 /* Project object */;
}
